
Microsoft Visual Studio Solution File, Format Version 12.00
# Visual Studio Version 17
VisualStudioVersion = 17.5.33530.505
MinimumVisualStudioVersion = 10.0.40219.1
Project("{FAE04EC0-301F-11D3-BF4B-00C04F79EFBC}") = "ApiRest_Musique", "ApiRest_Musique\ApiRest_Musique.csproj", "{8F7AB395-2545-4057-B21C-AAE0DBE11AB7}"
EndProject
Project("{FAE04EC0-301F-11D3-BF4B-00C04F79EFBC}") = "ApiRest_Musique_Bibliotheque", "ApiRest_Musique_Bibliotheque\ApiRest_Musique_Bibliotheque.csproj", "{28BDF655-77DE-446D-ACCF-0C0E933A9691}"
EndProject
Global
	GlobalSection(SolutionConfigurationPlatforms) = preSolution
		Debug|Any CPU = Debug|Any CPU
		Release|Any CPU = Release|Any CPU
	EndGlobalSection
	GlobalSection(ProjectConfigurationPlatforms) = postSolution
		{8F7AB395-2545-4057-B21C-AAE0DBE11AB7}.Debug|Any CPU.ActiveCfg = Debug|Any CPU
		{8F7AB395-2545-4057-B21C-AAE0DBE11AB7}.Debug|Any CPU.Build.0 = Debug|Any CPU
		{8F7AB395-2545-4057-B21C-AAE0DBE11AB7}.Release|Any CPU.ActiveCfg = Release|Any CPU
		{8F7AB395-2545-4057-B21C-AAE0DBE11AB7}.Release|Any CPU.Build.0 = Release|Any CPU
		{28BDF655-77DE-446D-ACCF-0C0E933A9691}.Debug|Any CPU.ActiveCfg = Debug|Any CPU
		{28BDF655-77DE-446D-ACCF-0C0E933A9691}.Debug|Any CPU.Build.0 = Debug|Any CPU
		{28BDF655-77DE-446D-ACCF-0C0E933A9691}.Release|Any CPU.ActiveCfg = Release|Any CPU
		{28BDF655-77DE-446D-ACCF-0C0E933A9691}.Release|Any CPU.Build.0 = Release|Any CPU
	EndGlobalSection
	GlobalSection(SolutionProperties) = preSolution
		HideSolutionNode = FALSE
	EndGlobalSection
	GlobalSection(ExtensibilityGlobals) = postSolution
		SolutionGuid = {764EF638-8F07-4E2E-898F-C3AC7DDEC147}
	EndGlobalSection
EndGlobal
